{
  "version": 4,
  "terraform_version": "1.2.7",
  "serial": 5,
  "lineage": "342ff752-eb2c-0c45-e2a7-d93ca9dbc94b",
  "outputs": {},
  "resources": [
    {
      "mode": "managed",
      "type": "local_file",
      "name": "ansible_inventory",
      "provider": "provider[\"registry.terraform.io/hashicorp/local\"]",
      "instances": [
        {
          "schema_version": 0,
          "attributes": {
            "content": "[azure-servers]\nazure-00 ansible_host=10.0.0.76\n\n[azure-servers:vars]\nansible_user=ansible",
            "content_base64": null,
            "directory_permission": "0777",
            "file_permission": "0777",
            "filename": "inventory",
            "id": "e68b7dd7c559b598828f561ed8d80f66bd92ec39",
            "sensitive_content": null,
            "source": null
          },
          "sensitive_attributes": [],
          "private": "bnVsbA==",
          "dependencies": [
            "module.azure-nodes.data.template_file.cloud_init",
            "module.azure-nodes.local_file.cloud_init",
            "module.azure-nodes.null_resource.cloud_init",
            "module.azure-nodes.proxmox_vm_qemu.vm"
          ]
        }
      ]
    },
    {
      "module": "module.azure-nodes[0]",
      "mode": "data",
      "type": "template_file",
      "name": "cloud_init",
      "provider": "provider[\"registry.terraform.io/hashicorp/template\"]",
      "instances": [
        {
          "schema_version": 0,
          "attributes": {
            "filename": null,
            "id": "bf2ddaa50cebe29b2d1d82c15cab05afa9929c11806e4c97005d7cbcb0eb94d6",
            "rendered": "#cloud-config\nusers:\n  - name: ansible\n    ssh-authorized-keys:\n      - ssh-rsa AAAAB3NzaC1yc2EAAAADAQABAAABAQC9XgHAVxdlC/CHgRlcJ4BolMVVP2Gkcx9tSxAi5tgDqayd1WTKx+8n1zz3Uo/bqSncTlCCixyVGlxDCci2jGxqa415tP9JOE6oO9EhrtzAoVcS0GpwBgBKdob7liP+EtfDqYpbk2k1XIRwhFAySIHt6MmnkHemmxdHA6CzIgEH5Z+1YC3GEvjZ4nFszdKneCUEptRHa84t/TUULeboZ2xsFEqWqOUS7tjtp/h5yBViKLyPIt6vbTuShFYEo49xcodqqWM/JYCqvFtcRXtedscFBKn6LsCRr2Kkw4qlR7xRdRC+m92qvf0WF7dnV9xqjwcriOmJpP+an05X0vchK3EZ craig@Craigs-MBP.home\n\n    sudo: ['ALL=(ALL) NOPASSWD:ALL']\n    groups: sudo\n    shell: /bin/bash\n\npackages: [\"jq\",\"qemu-guest-agent\"]\npackage_update: true\npackage_upgrade: true\n\nfqdn: azure-0\n\npower_state:\n  mode: reboot\n",
            "template": "#cloud-config\nusers:\n  - name: ${username}\n    ssh-authorized-keys:\n      - ${ssh_public_key}\n    sudo: ['ALL=(ALL) NOPASSWD:ALL']\n    groups: sudo\n    shell: /bin/bash\n\npackages: ${packages}\npackage_update: true\npackage_upgrade: true\n\nfqdn: ${hostname}\n\npower_state:\n  mode: reboot\n",
            "vars": {
              "hostname": "azure-0",
              "packages": "[\"jq\",\"qemu-guest-agent\"]",
              "ssh_public_key": "ssh-rsa AAAAB3NzaC1yc2EAAAADAQABAAABAQC9XgHAVxdlC/CHgRlcJ4BolMVVP2Gkcx9tSxAi5tgDqayd1WTKx+8n1zz3Uo/bqSncTlCCixyVGlxDCci2jGxqa415tP9JOE6oO9EhrtzAoVcS0GpwBgBKdob7liP+EtfDqYpbk2k1XIRwhFAySIHt6MmnkHemmxdHA6CzIgEH5Z+1YC3GEvjZ4nFszdKneCUEptRHa84t/TUULeboZ2xsFEqWqOUS7tjtp/h5yBViKLyPIt6vbTuShFYEo49xcodqqWM/JYCqvFtcRXtedscFBKn6LsCRr2Kkw4qlR7xRdRC+m92qvf0WF7dnV9xqjwcriOmJpP+an05X0vchK3EZ craig@Craigs-MBP.home\n",
              "username": "ansible"
            }
          },
          "sensitive_attributes": []
        }
      ]
    },
    {
      "module": "module.azure-nodes[0]",
      "mode": "managed",
      "type": "local_file",
      "name": "cloud_init",
      "provider": "provider[\"registry.terraform.io/hashicorp/local\"]",
      "instances": [
        {
          "schema_version": 0,
          "attributes": {
            "content": "#cloud-config\nusers:\n  - name: ansible\n    ssh-authorized-keys:\n      - ssh-rsa AAAAB3NzaC1yc2EAAAADAQABAAABAQC9XgHAVxdlC/CHgRlcJ4BolMVVP2Gkcx9tSxAi5tgDqayd1WTKx+8n1zz3Uo/bqSncTlCCixyVGlxDCci2jGxqa415tP9JOE6oO9EhrtzAoVcS0GpwBgBKdob7liP+EtfDqYpbk2k1XIRwhFAySIHt6MmnkHemmxdHA6CzIgEH5Z+1YC3GEvjZ4nFszdKneCUEptRHa84t/TUULeboZ2xsFEqWqOUS7tjtp/h5yBViKLyPIt6vbTuShFYEo49xcodqqWM/JYCqvFtcRXtedscFBKn6LsCRr2Kkw4qlR7xRdRC+m92qvf0WF7dnV9xqjwcriOmJpP+an05X0vchK3EZ craig@Craigs-MBP.home\n\n    sudo: ['ALL=(ALL) NOPASSWD:ALL']\n    groups: sudo\n    shell: /bin/bash\n\npackages: [\"jq\",\"qemu-guest-agent\"]\npackage_update: true\npackage_upgrade: true\n\nfqdn: azure-0\n\npower_state:\n  mode: reboot\n",
            "content_base64": null,
            "directory_permission": "0777",
            "file_permission": "0777",
            "filename": ".terraform/modules/azure-nodes/files/user_data_cloud_init_azure-0.cfg",
            "id": "ca112167ebdd399c37836ee15f0864ff546f2de0",
            "sensitive_content": null,
            "source": null
          },
          "sensitive_attributes": [],
          "private": "bnVsbA==",
          "dependencies": [
            "module.azure-nodes.data.template_file.cloud_init"
          ]
        }
      ]
    },
    {
      "module": "module.azure-nodes[0]",
      "mode": "managed",
      "type": "null_resource",
      "name": "cloud_init",
      "provider": "provider[\"registry.terraform.io/hashicorp/null\"]",
      "instances": [
        {
          "schema_version": 0,
          "attributes": {
            "id": "8530432220684499201",
            "triggers": null
          },
          "sensitive_attributes": [],
          "private": "bnVsbA==",
          "dependencies": [
            "module.azure-nodes.data.template_file.cloud_init",
            "module.azure-nodes.local_file.cloud_init"
          ]
        }
      ]
    },
    {
      "module": "module.azure-nodes[0]",
      "mode": "managed",
      "type": "proxmox_vm_qemu",
      "name": "vm",
      "provider": "provider[\"registry.terraform.io/telmate/proxmox\"]",
      "instances": [
        {
          "schema_version": 0,
          "attributes": {
            "additional_wait": 15,
            "agent": 1,
            "args": "",
            "balloon": 0,
            "bios": "seabios",
            "boot": "cdn",
            "bootdisk": "scsi0",
            "bridge": "",
            "ci_wait": null,
            "cicustom": "user=local:snippets/cloud_init_azure-0.yml",
            "cipassword": "",
            "ciuser": "",
            "clone": "ubuntu-2004-cloudinit-template",
            "clone_wait": 15,
            "cloudinit_cdrom_storage": null,
            "cores": 2,
            "cpu": "host",
            "default_ipv4_address": "10.0.0.76",
            "define_connection_info": true,
            "desc": "",
            "disk": [
              {
                "backup": 0,
                "cache": "none",
                "discard": "",
                "file": "vm-104-disk-0",
                "format": "",
                "iothread": 0,
                "mbps": 0,
                "mbps_rd": 0,
                "mbps_rd_max": 0,
                "mbps_wr": 0,
                "mbps_wr_max": 0,
                "media": "",
                "replicate": 0,
                "size": "120G",
                "slot": 0,
                "ssd": 0,
                "storage": "local-thpl",
                "storage_type": "lvmthin",
                "type": "scsi",
                "volume": "local-thpl:vm-104-disk-0"
              }
            ],
            "disk_gb": 0,
            "force_create": false,
            "force_recreate_on_change_of": null,
            "full_clone": true,
            "guest_agent_ready_timeout": 600,
            "hastate": "",
            "hotplug": "network,disk,usb",
            "id": "pve/qemu/104",
            "ipconfig0": "ip=dhcp",
            "ipconfig1": "",
            "ipconfig2": "",
            "ipconfig3": "",
            "ipconfig4": "",
            "ipconfig5": "",
            "iso": null,
            "kvm": true,
            "mac": "",
            "memory": 2048,
            "name": "azure-0",
            "nameserver": "",
            "network": [
              {
                "bridge": "vmbr1",
                "firewall": false,
                "link_down": false,
                "macaddr": "5E:25:0A:28:50:A1",
                "model": "virtio",
                "queues": 0,
                "rate": 0,
                "tag": -1
              }
            ],
            "nic": "",
            "numa": false,
            "onboot": true,
            "os_network_config": null,
            "os_type": "cloud-init",
            "pool": "",
            "preprovision": true,
            "qemu_os": "other",
            "reboot_required": false,
            "scsihw": "virtio-scsi-pci",
            "searchdomain": "",
            "serial": [],
            "sockets": 1,
            "ssh_forward_ip": null,
            "ssh_host": "10.0.0.76",
            "ssh_port": "22",
            "ssh_private_key": null,
            "ssh_user": null,
            "sshkeys": "",
            "storage": "",
            "storage_type": "",
            "tags": "",
            "target_node": "pve",
            "unused_disk": [],
            "vcpus": 0,
            "vga": [],
            "vlan": -1,
            "vmid": null
          },
          "sensitive_attributes": [],
          "private": "bnVsbA==",
          "dependencies": [
            "module.azure-nodes.data.template_file.cloud_init",
            "module.azure-nodes.local_file.cloud_init",
            "module.azure-nodes.null_resource.cloud_init"
          ]
        }
      ]
    }
  ]
}
